
Microsoft Visual Studio Solution File, Format Version 12.00
# Visual Studio Version 17
VisualStudioVersion = 17.10.35013.160
MinimumVisualStudioVersion = 10.0.40219.1
Project("{FAE04EC0-301F-11D3-BF4B-00C04F79EFBC}") = "Domain", "Domain\Domain.csproj", "{20B2A820-04F4-4B9C-8C14-29943F335C94}"
EndProject
Project("{FAE04EC0-301F-11D3-BF4B-00C04F79EFBC}") = "Application", "Application\Application.csproj", "{15F64AC4-1797-4C29-A996-469D77753BE1}"
	ProjectSection(ProjectDependencies) = postProject
		{20B2A820-04F4-4B9C-8C14-29943F335C94} = {20B2A820-04F4-4B9C-8C14-29943F335C94}
		{CFB72E25-E4DB-488B-8F9A-27FAA9547B3F} = {CFB72E25-E4DB-488B-8F9A-27FAA9547B3F}
	EndProjectSection
EndProject
Project("{FAE04EC0-301F-11D3-BF4B-00C04F79EFBC}") = "Infrastructure", "Infrastructure\Infrastructure.csproj", "{CFB72E25-E4DB-488B-8F9A-27FAA9547B3F}"
	ProjectSection(ProjectDependencies) = postProject
		{20B2A820-04F4-4B9C-8C14-29943F335C94} = {20B2A820-04F4-4B9C-8C14-29943F335C94}
	EndProjectSection
EndProject
Project("{FAE04EC0-301F-11D3-BF4B-00C04F79EFBC}") = "WebAPI", "WebAPI\WebAPI.csproj", "{1227EF73-CAB8-4A4A-9920-5AE18BC8A11B}"
	ProjectSection(ProjectDependencies) = postProject
		{15F64AC4-1797-4C29-A996-469D77753BE1} = {15F64AC4-1797-4C29-A996-469D77753BE1}
		{CFB72E25-E4DB-488B-8F9A-27FAA9547B3F} = {CFB72E25-E4DB-488B-8F9A-27FAA9547B3F}
	EndProjectSection
EndProject
Global
	GlobalSection(SolutionConfigurationPlatforms) = preSolution
		Debug|Any CPU = Debug|Any CPU
		Release|Any CPU = Release|Any CPU
	EndGlobalSection
	GlobalSection(ProjectConfigurationPlatforms) = postSolution
		{20B2A820-04F4-4B9C-8C14-29943F335C94}.Debug|Any CPU.ActiveCfg = Debug|Any CPU
		{20B2A820-04F4-4B9C-8C14-29943F335C94}.Debug|Any CPU.Build.0 = Debug|Any CPU
		{20B2A820-04F4-4B9C-8C14-29943F335C94}.Release|Any CPU.ActiveCfg = Release|Any CPU
		{20B2A820-04F4-4B9C-8C14-29943F335C94}.Release|Any CPU.Build.0 = Release|Any CPU
		{15F64AC4-1797-4C29-A996-469D77753BE1}.Debug|Any CPU.ActiveCfg = Debug|Any CPU
		{15F64AC4-1797-4C29-A996-469D77753BE1}.Debug|Any CPU.Build.0 = Debug|Any CPU
		{15F64AC4-1797-4C29-A996-469D77753BE1}.Release|Any CPU.ActiveCfg = Release|Any CPU
		{15F64AC4-1797-4C29-A996-469D77753BE1}.Release|Any CPU.Build.0 = Release|Any CPU
		{CFB72E25-E4DB-488B-8F9A-27FAA9547B3F}.Debug|Any CPU.ActiveCfg = Debug|Any CPU
		{CFB72E25-E4DB-488B-8F9A-27FAA9547B3F}.Debug|Any CPU.Build.0 = Debug|Any CPU
		{CFB72E25-E4DB-488B-8F9A-27FAA9547B3F}.Release|Any CPU.ActiveCfg = Release|Any CPU
		{CFB72E25-E4DB-488B-8F9A-27FAA9547B3F}.Release|Any CPU.Build.0 = Release|Any CPU
		{1227EF73-CAB8-4A4A-9920-5AE18BC8A11B}.Debug|Any CPU.ActiveCfg = Debug|Any CPU
		{1227EF73-CAB8-4A4A-9920-5AE18BC8A11B}.Debug|Any CPU.Build.0 = Debug|Any CPU
		{1227EF73-CAB8-4A4A-9920-5AE18BC8A11B}.Release|Any CPU.ActiveCfg = Release|Any CPU
		{1227EF73-CAB8-4A4A-9920-5AE18BC8A11B}.Release|Any CPU.Build.0 = Release|Any CPU
	EndGlobalSection
	GlobalSection(SolutionProperties) = preSolution
		HideSolutionNode = FALSE
	EndGlobalSection
	GlobalSection(ExtensibilityGlobals) = postSolution
		SolutionGuid = {503A59AD-ACE6-4F17-9FFD-61B58EFE9E87}
	EndGlobalSection
EndGlobal
